
Microsoft Visual Studio Solution File, Format Version 12.00
# Visual Studio Version 17
VisualStudioVersion = 17.1.32328.378
MinimumVisualStudioVersion = 10.0.40219.1
Project("{FAE04EC0-301F-11D3-BF4B-00C04F79EFBC}") = "addressbook_web_tests", "addressbook_web_tests\addressbook_web_tests.csproj", "{5B8FC4A8-B3C2-4B14-835A-543E36627295}"
EndProject
Global
	GlobalSection(SolutionConfigurationPlatforms) = preSolution
		Debug|Any CPU = Debug|Any CPU
		Release|Any CPU = Release|Any CPU
	EndGlobalSection
	GlobalSection(ProjectConfigurationPlatforms) = postSolution
		{5B8FC4A8-B3C2-4B14-835A-543E36627295}.Debug|Any CPU.ActiveCfg = Debug|Any CPU
		{5B8FC4A8-B3C2-4B14-835A-543E36627295}.Debug|Any CPU.Build.0 = Debug|Any CPU
		{5B8FC4A8-B3C2-4B14-835A-543E36627295}.Release|Any CPU.ActiveCfg = Release|Any CPU
		{5B8FC4A8-B3C2-4B14-835A-543E36627295}.Release|Any CPU.Build.0 = Release|Any CPU
	EndGlobalSection
	GlobalSection(SolutionProperties) = preSolution
		HideSolutionNode = FALSE
	EndGlobalSection
	GlobalSection(ExtensibilityGlobals) = postSolution
		SolutionGuid = {C892D88D-870E-4578-91E7-796D5D6C9C66}
	EndGlobalSection
EndGlobal
